
Microsoft Visual Studio Solution File, Format Version 12.00
# Visual Studio Version 16
VisualStudioVersion = 16.0.31702.278
MinimumVisualStudioVersion = 10.0.40219.1
Project("{FAE04EC0-301F-11D3-BF4B-00C04F79EFBC}") = "p1-excepciones", "p1-excepciones.csproj", "{A1D41942-8660-4136-A298-06C2A37013A8}"
EndProject
Global
	GlobalSection(SolutionConfigurationPlatforms) = preSolution
		Debug|Any CPU = Debug|Any CPU
		Release|Any CPU = Release|Any CPU
	EndGlobalSection
	GlobalSection(ProjectConfigurationPlatforms) = postSolution
		{A1D41942-8660-4136-A298-06C2A37013A8}.Debug|Any CPU.ActiveCfg = Debug|Any CPU
		{A1D41942-8660-4136-A298-06C2A37013A8}.Debug|Any CPU.Build.0 = Debug|Any CPU
		{A1D41942-8660-4136-A298-06C2A37013A8}.Release|Any CPU.ActiveCfg = Release|Any CPU
		{A1D41942-8660-4136-A298-06C2A37013A8}.Release|Any CPU.Build.0 = Release|Any CPU
	EndGlobalSection
	GlobalSection(SolutionProperties) = preSolution
		HideSolutionNode = FALSE
	EndGlobalSection
	GlobalSection(ExtensibilityGlobals) = postSolution
		SolutionGuid = {83935D2E-0348-4F08-93F6-2A769AE65CAE}
	EndGlobalSection
EndGlobal
